
Microsoft Visual Studio Solution File, Format Version 12.00
# Visual Studio Version 17
VisualStudioVersion = 17.0.31919.166
MinimumVisualStudioVersion = 10.0.40219.1
Project("{FAE04EC0-301F-11D3-BF4B-00C04F79EFBC}") = "DianMing", "DianMing.csproj", "{A422EFC3-2F1C-4824-9A60-B2C1102D122D}"
EndProject
Global
	GlobalSection(SolutionConfigurationPlatforms) = preSolution
		Debug|Any CPU = Debug|Any CPU
		Release|Any CPU = Release|Any CPU
	EndGlobalSection
	GlobalSection(ProjectConfigurationPlatforms) = postSolution
		{A422EFC3-2F1C-4824-9A60-B2C1102D122D}.Debug|Any CPU.ActiveCfg = Debug|Any CPU
		{A422EFC3-2F1C-4824-9A60-B2C1102D122D}.Debug|Any CPU.Build.0 = Debug|Any CPU
		{A422EFC3-2F1C-4824-9A60-B2C1102D122D}.Release|Any CPU.ActiveCfg = Release|Any CPU
		{A422EFC3-2F1C-4824-9A60-B2C1102D122D}.Release|Any CPU.Build.0 = Release|Any CPU
	EndGlobalSection
	GlobalSection(SolutionProperties) = preSolution
		HideSolutionNode = FALSE
	EndGlobalSection
	GlobalSection(ExtensibilityGlobals) = postSolution
		SolutionGuid = {8F6B671D-19BB-41F5-A0E7-713C2B0D8102}
	EndGlobalSection
EndGlobal
